// !$*UTF8*$!
{
	archiveVersion = 1;
	classes = {
	};
	objectVersion = 56;
	objects = {

/* Begin PBXBuildFile section */
		FB500C582BBE2D3700BF7E42 /* AppDelegate.swift in Sources */ = {isa = PBXBuildFile; fileRef = FB500C572BBE2D3700BF7E42 /* AppDelegate.swift */; };
		FB500C5A2BBE2D3700BF7E42 /* SceneDelegate.swift in Sources */ = {isa = PBXBuildFile; fileRef = FB500C592BBE2D3700BF7E42 /* SceneDelegate.swift */; };
		FB500C5C2BBE2D3700BF7E42 /* IntroductionViewController.swift in Sources */ = {isa = PBXBuildFile; fileRef = FB500C5B2BBE2D3700BF7E42 /* IntroductionViewController.swift */; };
		FB500C5F2BBE2D3700BF7E42 /* Main.storyboard in Resources */ = {isa = PBXBuildFile; fileRef = FB500C5D2BBE2D3700BF7E42 /* Main.storyboard */; };
		FB500C612BBE2D3900BF7E42 /* Assets.xcassets in Resources */ = {isa = PBXBuildFile; fileRef = FB500C602BBE2D3900BF7E42 /* Assets.xcassets */; };
		FB500C642BBE2D3900BF7E42 /* LaunchScreen.storyboard in Resources */ = {isa = PBXBuildFile; fileRef = FB500C622BBE2D3900BF7E42 /* LaunchScreen.storyboard */; };
		FB500C6F2BBE2D3900BF7E42 /* Ev2_2992683Tests.swift in Sources */ = {isa = PBXBuildFile; fileRef = FB500C6E2BBE2D3900BF7E42 /* Ev2_2992683Tests.swift */; };
		FB500C792BBE2D3900BF7E42 /* Ev2_2992683UITests.swift in Sources */ = {isa = PBXBuildFile; fileRef = FB500C782BBE2D3900BF7E42 /* Ev2_2992683UITests.swift */; };
		FB500C7B2BBE2D3900BF7E42 /* Ev2_2992683UITestsLaunchTests.swift in Sources */ = {isa = PBXBuildFile; fileRef = FB500C7A2BBE2D3900BF7E42 /* Ev2_2992683UITestsLaunchTests.swift */; };
		FB500C8C2BBE40E800BF7E42 /* Question.swift in Sources */ = {isa = PBXBuildFile; fileRef = FB500C8B2BBE40E800BF7E42 /* Question.swift */; };
		FB500C8E2BBE44CB00BF7E42 /* QuestionViewController.swift in Sources */ = {isa = PBXBuildFile; fileRef = FB500C8D2BBE44CB00BF7E42 /* QuestionViewController.swift */; };
		FB500C902BBE44E200BF7E42 /* ResultsViewController.swift in Sources */ = {isa = PBXBuildFile; fileRef = FB500C8F2BBE44E200BF7E42 /* ResultsViewController.swift */; };
/* End PBXBuildFile section */

/* Begin PBXContainerItemProxy section */
		FB500C6B2BBE2D3900BF7E42 /* PBXContainerItemProxy */ = {
			isa = PBXContainerItemProxy;
			containerPortal = FB500C4C2BBE2D3700BF7E42 /* Project object */;
			proxyType = 1;
			remoteGlobalIDString = FB500C532BBE2D3700BF7E42;
			remoteInfo = "Ev2-2992683";
		};
		FB500C752BBE2D3900BF7E42 /* PBXContainerItemProxy */ = {
			isa = PBXContainerItemProxy;
			containerPortal = FB500C4C2BBE2D3700BF7E42 /* Project object */;
			proxyType = 1;
			remoteGlobalIDString = FB500C532BBE2D3700BF7E42;
			remoteInfo = "Ev2-2992683";
		};
/* End PBXContainerItemProxy section */

/* Begin PBXFileReference section */
		FB500C542BBE2D3700BF7E42 /* Ev2-2992683.app */ = {isa = PBXFileReference; explicitFileType = wrapper.application; includeInIndex = 0; path = "Ev2-2992683.app"; sourceTree = BUILT_PRODUCTS_DIR; };
		FB500C572BBE2D3700BF7E42 /* AppDelegate.swift */ = {isa = PBXFileReference; lastKnownFileType = sourcecode.swift; path = AppDelegate.swift; sourceTree = "<group>"; };
		FB500C592BBE2D3700BF7E42 /* SceneDelegate.swift */ = {isa = PBXFileReference; lastKnownFileType = sourcecode.swift; path = SceneDelegate.swift; sourceTree = "<group>"; };
		FB500C5B2BBE2D3700BF7E42 /* IntroductionViewController.swift */ = {isa = PBXFileReference; lastKnownFileType = sourcecode.swift; path = IntroductionViewController.swift; sourceTree = "<group>"; };
		FB500C5E2BBE2D3700BF7E42 /* Base */ = {isa = PBXFileReference; lastKnownFileType = file.storyboard; name = Base; path = Base.lproj/Main.storyboard; sourceTree = "<group>"; };
		FB500C602BBE2D3900BF7E42 /* Assets.xcassets */ = {isa = PBXFileReference; lastKnownFileType = folder.assetcatalog; path = Assets.xcassets; sourceTree = "<group>"; };
		FB500C632BBE2D3900BF7E42 /* Base */ = {isa = PBXFileReference; lastKnownFileType = file.storyboard; name = Base; path = Base.lproj/LaunchScreen.storyboard; sourceTree = "<group>"; };
		FB500C652BBE2D3900BF7E42 /* Info.plist */ = {isa = PBXFileReference; lastKnownFileType = text.plist.xml; path = Info.plist; sourceTree = "<group>"; };
		FB500C6A2BBE2D3900BF7E42 /* Ev2-2992683Tests.xctest */ = {isa = PBXFileReference; explicitFileType = wrapper.cfbundle; includeInIndex = 0; path = "Ev2-2992683Tests.xctest"; sourceTree = BUILT_PRODUCTS_DIR; };
		FB500C6E2BBE2D3900BF7E42 /* Ev2_2992683Tests.swift */ = {isa = PBXFileReference; lastKnownFileType = sourcecode.swift; path = Ev2_2992683Tests.swift; sourceTree = "<group>"; };
		FB500C742BBE2D3900BF7E42 /* Ev2-2992683UITests.xctest */ = {isa = PBXFileReference; explicitFileType = wrapper.cfbundle; includeInIndex = 0; path = "Ev2-2992683UITests.xctest"; sourceTree = BUILT_PRODUCTS_DIR; };
		FB500C782BBE2D3900BF7E42 /* Ev2_2992683UITests.swift */ = {isa = PBXFileReference; lastKnownFileType = sourcecode.swift; path = Ev2_2992683UITests.swift; sourceTree = "<group>"; };
		FB500C7A2BBE2D3900BF7E42 /* Ev2_2992683UITestsLaunchTests.swift */ = {isa = PBXFileReference; lastKnownFileType = sourcecode.swift; path = Ev2_2992683UITestsLaunchTests.swift; sourceTree = "<group>"; };
		FB500C8B2BBE40E800BF7E42 /* Question.swift */ = {isa = PBXFileReference; lastKnownFileType = sourcecode.swift; path = Question.swift; sourceTree = "<group>"; };
		FB500C8D2BBE44CB00BF7E42 /* QuestionViewController.swift */ = {isa = PBXFileReference; lastKnownFileType = sourcecode.swift; path = QuestionViewController.swift; sourceTree = "<group>"; };
		FB500C8F2BBE44E200BF7E42 /* ResultsViewController.swift */ = {isa = PBXFileReference; lastKnownFileType = sourcecode.swift; path = ResultsViewController.swift; sourceTree = "<group>"; };
/* End PBXFileReference section */

/* Begin PBXFrameworksBuildPhase section */
		FB500C512BBE2D3700BF7E42 /* Frameworks */ = {
			isa = PBXFrameworksBuildPhase;
			buildActionMask = 2147483647;
			files = (
			);
			runOnlyForDeploymentPostprocessing = 0;
		};
		FB500C672BBE2D3900BF7E42 /* Frameworks */ = {
			isa = PBXFrameworksBuildPhase;
			buildActionMask = 2147483647;
			files = (
			);
			runOnlyForDeploymentPostprocessing = 0;
		};
		FB500C712BBE2D3900BF7E42 /* Frameworks */ = {
			isa = PBXFrameworksBuildPhase;
			buildActionMask = 2147483647;
			files = (
			);
			runOnlyForDeploymentPostprocessing = 0;
		};
/* End PBXFrameworksBuildPhase section */

/* Begin PBXGroup section */
		FB500C4B2BBE2D3700BF7E42 = {
			isa = PBXGroup;
			children = (
				FB500C562BBE2D3700BF7E42 /* Ev2-2992683 */,
				FB500C6D2BBE2D3900BF7E42 /* Ev2-2992683Tests */,
				FB500C772BBE2D3900BF7E42 /* Ev2-2992683UITests */,
				FB500C552BBE2D3700BF7E42 /* Products */,
			);
			sourceTree = "<group>";
		};
		FB500C552BBE2D3700BF7E42 /* Products */ = {
			isa = PBXGroup;
			children = (
				FB500C542BBE2D3700BF7E42 /* Ev2-2992683.app */,
				FB500C6A2BBE2D3900BF7E42 /* Ev2-2992683Tests.xctest */,
				FB500C742BBE2D3900BF7E42 /* Ev2-2992683UITests.xctest */,
			);
			name = Products;
			sourceTree = "<group>";
		};
		FB500C562BBE2D3700BF7E42 /* Ev2-2992683 */ = {
			isa = PBXGroup;
			children = (
				FB500C572BBE2D3700BF7E42 /* AppDelegate.swift */,
				FB500C592BBE2D3700BF7E42 /* SceneDelegate.swift */,
				FB500C5B2BBE2D3700BF7E42 /* IntroductionViewController.swift */,
				FB500C5D2BBE2D3700BF7E42 /* Main.storyboard */,
				FB500C8D2BBE44CB00BF7E42 /* QuestionViewController.swift */,
				FB500C8F2BBE44E200BF7E42 /* ResultsViewController.swift */,
				FB500C8B2BBE40E800BF7E42 /* Question.swift */,
				FB500C602BBE2D3900BF7E42 /* Assets.xcassets */,
				FB500C622BBE2D3900BF7E42 /* LaunchScreen.storyboard */,
				FB500C652BBE2D3900BF7E42 /* Info.plist */,
			);
			path = "Ev2-2992683";
			sourceTree = "<group>";
		};
		FB500C6D2BBE2D3900BF7E42 /* Ev2-2992683Tests */ = {
			isa = PBXGroup;
			children = (
				FB500C6E2BBE2D3900BF7E42 /* Ev2_2992683Tests.swift */,
			);
			path = "Ev2-2992683Tests";
			sourceTree = "<group>";
		};
		FB500C772BBE2D3900BF7E42 /* Ev2-2992683UITests */ = {
			isa = PBXGroup;
			children = (
				FB500C782BBE2D3900BF7E42 /* Ev2_2992683UITests.swift */,
				FB500C7A2BBE2D3900BF7E42 /* Ev2_2992683UITestsLaunchTests.swift */,
			);
			path = "Ev2-2992683UITests";
			sourceTree = "<group>";
		};
/* End PBXGroup section */

/* Begin PBXNativeTarget section */
		FB500C532BBE2D3700BF7E42 /* Ev2-2992683 */ = {
			isa = PBXNativeTarget;
			buildConfigurationList = FB500C7E2BBE2D3900BF7E42 /* Build configuration list for PBXNativeTarget "Ev2-2992683" */;
			buildPhases = (
				FB500C502BBE2D3700BF7E42 /* Sources */,
				FB500C512BBE2D3700BF7E42 /* Frameworks */,
				FB500C522BBE2D3700BF7E42 /* Resources */,
			);
			buildRules = (
			);
			dependencies = (
			);
			name = "Ev2-2992683";
			productName = "Ev2-2992683";
			productReference = FB500C542BBE2D3700BF7E42 /* Ev2-2992683.app */;
			productType = "com.apple.product-type.application";
		};
		FB500C692BBE2D3900BF7E42 /* Ev2-2992683Tests */ = {
			isa = PBXNativeTarget;
			buildConfigurationList = FB500C812BBE2D3900BF7E42 /* Build configuration list for PBXNativeTarget "Ev2-2992683Tests" */;
			buildPhases = (
				FB500C662BBE2D3900BF7E42 /* Sources */,
				FB500C672BBE2D3900BF7E42 /* Frameworks */,
				FB500C682BBE2D3900BF7E42 /* Resources */,
			);
			buildRules = (
			);
			dependencies = (
				FB500C6C2BBE2D3900BF7E42 /* PBXTargetDependency */,
			);
			name = "Ev2-2992683Tests";
			productName = "Ev2-2992683Tests";
			productReference = FB500C6A2BBE2D3900BF7E42 /* Ev2-2992683Tests.xctest */;
			productType = "com.apple.product-type.bundle.unit-test";
		};
		FB500C732BBE2D3900BF7E42 /* Ev2-2992683UITests */ = {
			isa = PBXNativeTarget;
			buildConfigurationList = FB500C842BBE2D3900BF7E42 /* Build configuration list for PBXNativeTarget "Ev2-2992683UITests" */;
			buildPhases = (
				FB500C702BBE2D3900BF7E42 /* Sources */,
				FB500C712BBE2D3900BF7E42 /* Frameworks */,
				FB500C722BBE2D3900BF7E42 /* Resources */,
			);
			buildRules = (
			);
			dependencies = (
				FB500C762BBE2D3900BF7E42 /* PBXTargetDependency */,
			);
			name = "Ev2-2992683UITests";
			productName = "Ev2-2992683UITests";
			productReference = FB500C742BBE2D3900BF7E42 /* Ev2-2992683UITests.xctest */;
			productType = "com.apple.product-type.bundle.ui-testing";
		};
/* End PBXNativeTarget section */

/* Begin PBXProject section */
		FB500C4C2BBE2D3700BF7E42 /* Project object */ = {
			isa = PBXProject;
			attributes = {
				BuildIndependentTargetsInParallel = 1;
				LastSwiftUpdateCheck = 1430;
				LastUpgradeCheck = 1430;
				TargetAttributes = {
					FB500C532BBE2D3700BF7E42 = {
						CreatedOnToolsVersion = 14.3.1;
					};
					FB500C692BBE2D3900BF7E42 = {
						CreatedOnToolsVersion = 14.3.1;
						TestTargetID = FB500C532BBE2D3700BF7E42;
					};
					FB500C732BBE2D3900BF7E42 = {
						CreatedOnToolsVersion = 14.3.1;
						TestTargetID = FB500C532BBE2D3700BF7E42;
					};
				};
			};
			buildConfigurationList = FB500C4F2BBE2D3700BF7E42 /* Build configuration list for PBXProject "Ev2-2992683" */;
			compatibilityVersion = "Xcode 14.0";
			developmentRegion = en;
			hasScannedForEncodings = 0;
			knownRegions = (
				en,
				Base,
			);
			mainGroup = FB500C4B2BBE2D3700BF7E42;
			productRefGroup = FB500C552BBE2D3700BF7E42 /* Products */;
			projectDirPath = "";
			projectRoot = "";
			targets = (
				FB500C532BBE2D3700BF7E42 /* Ev2-2992683 */,
				FB500C692BBE2D3900BF7E42 /* Ev2-2992683Tests */,
				FB500C732BBE2D3900BF7E42 /* Ev2-2992683UITests */,
			);
		};
/* End PBXProject section */

/* Begin PBXResourcesBuildPhase section */
		FB500C522BBE2D3700BF7E42 /* Resources */ = {
			isa = PBXResourcesBuildPhase;
			buildActionMask = 2147483647;
			files = (
				FB500C642BBE2D3900BF7E42 /* LaunchScreen.storyboard in Resources */,
				FB500C612BBE2D3900BF7E42 /* Assets.xcassets in Resources */,
				FB500C5F2BBE2D3700BF7E42 /* Main.storyboard in Resources */,
			);
			runOnlyForDeploymentPostprocessing = 0;
		};
		FB500C682BBE2D3900BF7E42 /* Resources */ = {
			isa = PBXResourcesBuildPhase;
			buildActionMask = 2147483647;
			files = (
			);
			runOnlyForDeploymentPostprocessing = 0;
		};
		FB500C722BBE2D3900BF7E42 /* Resources */ = {
			isa = PBXResourcesBuildPhase;
			buildActionMask = 2147483647;
			files = (
			);
			runOnlyForDeploymentPostprocessing = 0;
		};
/* End PBXResourcesBuildPhase section */

/* Begin PBXSourcesBuildPhase section */
		FB500C502BBE2D3700BF7E42 /* Sources */ = {
			isa = PBXSourcesBuildPhase;
			buildActionMask = 2147483647;
			files = (
				FB500C5C2BBE2D3700BF7E42 /* IntroductionViewController.swift in Sources */,
				FB500C8E2BBE44CB00BF7E42 /* QuestionViewController.swift in Sources */,
				FB500C582BBE2D3700BF7E42 /* AppDelegate.swift in Sources */,
				FB500C8C2BBE40E800BF7E42 /* Question.swift in Sources */,
				FB500C5A2BBE2D3700BF7E42 /* SceneDelegate.swift in Sources */,
				FB500C902BBE44E200BF7E42 /* ResultsViewController.swift in Sources */,
			);
			runOnlyForDeploymentPostprocessing = 0;
		};
		FB500C662BBE2D3900BF7E42 /* Sources */ = {
			isa = PBXSourcesBuildPhase;
			buildActionMask = 2147483647;
			files = (
				FB500C6F2BBE2D3900BF7E42 /* Ev2_2992683Tests.swift in Sources */,
			);
			runOnlyForDeploymentPostprocessing = 0;
		};
		FB500C702BBE2D3900BF7E42 /* Sources */ = {
			isa = PBXSourcesBuildPhase;
			buildActionMask = 2147483647;
			files = (
				FB500C7B2BBE2D3900BF7E42 /* Ev2_2992683UITestsLaunchTests.swift in Sources */,
				FB500C792BBE2D3900BF7E42 /* Ev2_2992683UITests.swift in Sources */,
			);
			runOnlyForDeploymentPostprocessing = 0;
		};
/* End PBXSourcesBuildPhase section */

/* Begin PBXTargetDependency section */
		FB500C6C2BBE2D3900BF7E42 /* PBXTargetDependency */ = {
			isa = PBXTargetDependency;
			target = FB500C532BBE2D3700BF7E42 /* Ev2-2992683 */;
			targetProxy = FB500C6B2BBE2D3900BF7E42 /* PBXContainerItemProxy */;
		};
		FB500C762BBE2D3900BF7E42 /* PBXTargetDependency */ = {
			isa = PBXTargetDependency;
			target = FB500C532BBE2D3700BF7E42 /* Ev2-2992683 */;
			targetProxy = FB500C752BBE2D3900BF7E42 /* PBXContainerItemProxy */;
		};
/* End PBXTargetDependency section */

/* Begin PBXVariantGroup section */
		FB500C5D2BBE2D3700BF7E42 /* Main.storyboard */ = {
			isa = PBXVariantGroup;
			children = (
				FB500C5E2BBE2D3700BF7E42 /* Base */,
			);
			name = Main.storyboard;
			sourceTree = "<group>";
		};
		FB500C622BBE2D3900BF7E42 /* LaunchScreen.storyboard */ = {
			isa = PBXVariantGroup;
			children = (
				FB500C632BBE2D3900BF7E42 /* Base */,
			);
			name = LaunchScreen.storyboard;
			sourceTree = "<group>";
		};
/* End PBXVariantGroup section */

/* Begin XCBuildConfiguration section */
		FB500C7C2BBE2D3900BF7E42 /* Debug */ = {
			isa = XCBuildConfiguration;
			buildSettings = {
				ALWAYS_SEARCH_USER_PATHS = NO;
				CLANG_ANALYZER_NONNULL = YES;
				CLANG_ANALYZER_NUMBER_OBJECT_CONVERSION = YES_AGGRESSIVE;
				CLANG_CXX_LANGUAGE_STANDARD = "gnu++20";
				CLANG_ENABLE_MODULES = YES;
				CLANG_ENABLE_OBJC_ARC = YES;
				CLANG_ENABLE_OBJC_WEAK = YES;
				CLANG_WARN_BLOCK_CAPTURE_AUTORELEASING = YES;
				CLANG_WARN_BOOL_CONVERSION = YES;
				CLANG_WARN_COMMA = YES;
				CLANG_WARN_CONSTANT_CONVERSION = YES;
				CLANG_WARN_DEPRECATED_OBJC_IMPLEMENTATIONS = YES;
				CLANG_WARN_DIRECT_OBJC_ISA_USAGE = YES_ERROR;
				CLANG_WARN_DOCUMENTATION_COMMENTS = YES;
				CLANG_WARN_EMPTY_BODY = YES;
				CLANG_WARN_ENUM_CONVERSION = YES;
				CLANG_WARN_INFINITE_RECURSION = YES;
				CLANG_WARN_INT_CONVERSION = YES;
				CLANG_WARN_NON_LITERAL_NULL_CONVERSION = YES;
				CLANG_WARN_OBJC_IMPLICIT_RETAIN_SELF = YES;
				CLANG_WARN_OBJC_LITERAL_CONVERSION = YES;
				CLANG_WARN_OBJC_ROOT_CLASS = YES_ERROR;
				CLANG_WARN_QUOTED_INCLUDE_IN_FRAMEWORK_HEADER = YES;
				CLANG_WARN_RANGE_LOOP_ANALYSIS = YES;
				CLANG_WARN_STRICT_PROTOTYPES = YES;
				CLANG_WARN_SUSPICIOUS_MOVE = YES;
				CLANG_WARN_UNGUARDED_AVAILABILITY = YES_AGGRESSIVE;
				CLANG_WARN_UNREACHABLE_CODE = YES;
				CLANG_WARN__DUPLICATE_METHOD_MATCH = YES;
				COPY_PHASE_STRIP = NO;
				DEBUG_INFORMATION_FORMAT = dwarf;
				ENABLE_STRICT_OBJC_MSGSEND = YES;
				ENABLE_TESTABILITY = YES;
				GCC_C_LANGUAGE_STANDARD = gnu11;
				GCC_DYNAMIC_NO_PIC = NO;
				GCC_NO_COMMON_BLOCKS = YES;
				GCC_OPTIMIZATION_LEVEL = 0;
				GCC_PREPROCESSOR_DEFINITIONS = (
					"DEBUG=1",
					"$(inherited)",
				);
				GCC_WARN_64_TO_32_BIT_CONVERSION = YES;
				GCC_WARN_ABOUT_RETURN_TYPE = YES_ERROR;
				GCC_WARN_UNDECLARED_SELECTOR = YES;
				GCC_WARN_UNINITIALIZED_AUTOS = YES_AGGRESSIVE;
				GCC_WARN_UNUSED_FUNCTION = YES;
				GCC_WARN_UNUSED_VARIABLE = YES;
				IPHONEOS_DEPLOYMENT_TARGET = 16.4;
				MTL_ENABLE_DEBUG_INFO = INCLUDE_SOURCE;
				MTL_FAST_MATH = YES;
				ONLY_ACTIVE_ARCH = YES;
				SDKROOT = iphoneos;
				SWIFT_ACTIVE_COMPILATION_CONDITIONS = DEBUG;
				SWIFT_OPTIMIZATION_LEVEL = "-Onone";
			};
			name = Debug;
		};
		FB500C7D2BBE2D3900BF7E42 /* Release */ = {
			isa = XCBuildConfiguration;
			buildSettings = {
				ALWAYS_SEARCH_USER_PATHS = NO;
				CLANG_ANALYZER_NONNULL = YES;
				CLANG_ANALYZER_NUMBER_OBJECT_CONVERSION = YES_AGGRESSIVE;
				CLANG_CXX_LANGUAGE_STANDARD = "gnu++20";
				CLANG_ENABLE_MODULES = YES;
				CLANG_ENABLE_OBJC_ARC = YES;
				CLANG_ENABLE_OBJC_WEAK = YES;
				CLANG_WARN_BLOCK_CAPTURE_AUTORELEASING = YES;
				CLANG_WARN_BOOL_CONVERSION = YES;
				CLANG_WARN_COMMA = YES;
				CLANG_WARN_CONSTANT_CONVERSION = YES;
				CLANG_WARN_DEPRECATED_OBJC_IMPLEMENTATIONS = YES;
				CLANG_WARN_DIRECT_OBJC_ISA_USAGE = YES_ERROR;
				CLANG_WARN_DOCUMENTATION_COMMENTS = YES;
				CLANG_WARN_EMPTY_BODY = YES;
				CLANG_WARN_ENUM_CONVERSION = YES;
				CLANG_WARN_INFINITE_RECURSION = YES;
				CLANG_WARN_INT_CONVERSION = YES;
				CLANG_WARN_NON_LITERAL_NULL_CONVERSION = YES;
				CLANG_WARN_OBJC_IMPLICIT_RETAIN_SELF = YES;
				CLANG_WARN_OBJC_LITERAL_CONVERSION = YES;
				CLANG_WARN_OBJC_ROOT_CLASS = YES_ERROR;
				CLANG_WARN_QUOTED_INCLUDE_IN_FRAMEWORK_HEADER = YES;
				CLANG_WARN_RANGE_LOOP_ANALYSIS = YES;
				CLANG_WARN_STRICT_PROTOTYPES = YES;
				CLANG_WARN_SUSPICIOUS_MOVE = YES;
				CLANG_WARN_UNGUARDED_AVAILABILITY = YES_AGGRESSIVE;
				CLANG_WARN_UNREACHABLE_CODE = YES;
				CLANG_WARN__DUPLICATE_METHOD_MATCH = YES;
				COPY_PHASE_STRIP = NO;
				DEBUG_INFORMATION_FORMAT = "dwarf-with-dsym";
				ENABLE_NS_ASSERTIONS = NO;
				ENABLE_STRICT_OBJC_MSGSEND = YES;
				GCC_C_LANGUAGE_STANDARD = gnu11;
				GCC_NO_COMMON_BLOCKS = YES;
				GCC_WARN_64_TO_32_BIT_CONVERSION = YES;
				GCC_WARN_ABOUT_RETURN_TYPE = YES_ERROR;
				GCC_WARN_UNDECLARED_SELECTOR = YES;
				GCC_WARN_UNINITIALIZED_AUTOS = YES_AGGRESSIVE;
				GCC_WARN_UNUSED_FUNCTION = YES;
				GCC_WARN_UNUSED_VARIABLE = YES;
				IPHONEOS_DEPLOYMENT_TARGET = 16.4;
				MTL_ENABLE_DEBUG_INFO = NO;
				MTL_FAST_MATH = YES;
				SDKROOT = iphoneos;
				SWIFT_COMPILATION_MODE = wholemodule;
				SWIFT_OPTIMIZATION_LEVEL = "-O";
				VALIDATE_PRODUCT = YES;
			};
			name = Release;
		};
		FB500C7F2BBE2D3900BF7E42 /* Debug */ = {
			isa = XCBuildConfiguration;
			buildSettings = {
				ASSETCATALOG_COMPILER_APPICON_NAME = AppIcon;
				ASSETCATALOG_COMPILER_GLOBAL_ACCENT_COLOR_NAME = AccentColor;
				CODE_SIGN_STYLE = Automatic;
				CURRENT_PROJECT_VERSION = 1;
				GENERATE_INFOPLIST_FILE = YES;
				INFOPLIST_FILE = "Ev2-2992683/Info.plist";
				INFOPLIST_KEY_UIApplicationSupportsIndirectInputEvents = YES;
				INFOPLIST_KEY_UILaunchStoryboardName = LaunchScreen;
				INFOPLIST_KEY_UIMainStoryboardFile = Main;
				INFOPLIST_KEY_UISupportedInterfaceOrientations_iPad = "UIInterfaceOrientationPortrait UIInterfaceOrientationPortraitUpsideDown UIInterfaceOrientationLandscapeLeft UIInterfaceOrientationLandscapeRight";
				INFOPLIST_KEY_UISupportedInterfaceOrientations_iPhone = "UIInterfaceOrientationPortrait UIInterfaceOrientationLandscapeLeft UIInterfaceOrientationLandscapeRight";
				LD_RUNPATH_SEARCH_PATHS = (
					"$(inherited)",
					"@executable_path/Frameworks",
				);
				MARKETING_VERSION = 1.0;
				PRODUCT_BUNDLE_IDENTIFIER = "tecmilenio.Ev2-2992683";
				PRODUCT_NAME = "$(TARGET_NAME)";
				SWIFT_EMIT_LOC_STRINGS = YES;
				SWIFT_VERSION = 5.0;
				TARGETED_DEVICE_FAMILY = "1,2";
			};
			name = Debug;
		};
		FB500C802BBE2D3900BF7E42 /* Release */ = {
			isa = XCBuildConfiguration;
			buildSettings = {
				ASSETCATALOG_COMPILER_APPICON_NAME = AppIcon;
				ASSETCATALOG_COMPILER_GLOBAL_ACCENT_COLOR_NAME = AccentColor;
				CODE_SIGN_STYLE = Automatic;
				CURRENT_PROJECT_VERSION = 1;
				GENERATE_INFOPLIST_FILE = YES;
				INFOPLIST_FILE = "Ev2-2992683/Info.plist";
				INFOPLIST_KEY_UIApplicationSupportsIndirectInputEvents = YES;
				INFOPLIST_KEY_UILaunchStoryboardName = LaunchScreen;
				INFOPLIST_KEY_UIMainStoryboardFile = Main;
				INFOPLIST_KEY_UISupportedInterfaceOrientations_iPad = "UIInterfaceOrientationPortrait UIInterfaceOrientationPortraitUpsideDown UIInterfaceOrientationLandscapeLeft UIInterfaceOrientationLandscapeRight";
				INFOPLIST_KEY_UISupportedInterfaceOrientations_iPhone = "UIInterfaceOrientationPortrait UIInterfaceOrientationLandscapeLeft UIInterfaceOrientationLandscapeRight";
				LD_RUNPATH_SEARCH_PATHS = (
					"$(inherited)",
					"@executable_path/Frameworks",
				);
				MARKETING_VERSION = 1.0;
				PRODUCT_BUNDLE_IDENTIFIER = "tecmilenio.Ev2-2992683";
				PRODUCT_NAME = "$(TARGET_NAME)";
				SWIFT_EMIT_LOC_STRINGS = YES;
				SWIFT_VERSION = 5.0;
				TARGETED_DEVICE_FAMILY = "1,2";
			};
			name = Release;
		};
		FB500C822BBE2D3900BF7E42 /* Debug */ = {
			isa = XCBuildConfiguration;
			buildSettings = {
				ALWAYS_EMBED_SWIFT_STANDARD_LIBRARIES = YES;
				BUNDLE_LOADER = "$(TEST_HOST)";
				CODE_SIGN_STYLE = Automatic;
				CURRENT_PROJECT_VERSION = 1;
				GENERATE_INFOPLIST_FILE = YES;
				IPHONEOS_DEPLOYMENT_TARGET = 16.4;
				MARKETING_VERSION = 1.0;
				PRODUCT_BUNDLE_IDENTIFIER = "tecmilenio.Ev2-2992683Tests";
				PRODUCT_NAME = "$(TARGET_NAME)";
				SWIFT_EMIT_LOC_STRINGS = NO;
				SWIFT_VERSION = 5.0;
				TARGETED_DEVICE_FAMILY = "1,2";
				TEST_HOST = "$(BUILT_PRODUCTS_DIR)/Ev2-2992683.app/$(BUNDLE_EXECUTABLE_FOLDER_PATH)/Ev2-2992683";
			};
			name = Debug;
		};
		FB500C832BBE2D3900BF7E42 /* Release */ = {
			isa = XCBuildConfiguration;
			buildSettings = {
				ALWAYS_EMBED_SWIFT_STANDARD_LIBRARIES = YES;
				BUNDLE_LOADER = "$(TEST_HOST)";
				CODE_SIGN_STYLE = Automatic;
				CURRENT_PROJECT_VERSION = 1;
				GENERATE_INFOPLIST_FILE = YES;
				IPHONEOS_DEPLOYMENT_TARGET = 16.4;
				MARKETING_VERSION = 1.0;
				PRODUCT_BUNDLE_IDENTIFIER = "tecmilenio.Ev2-2992683Tests";
				PRODUCT_NAME = "$(TARGET_NAME)";
				SWIFT_EMIT_LOC_STRINGS = NO;
				SWIFT_VERSION = 5.0;
				TARGETED_DEVICE_FAMILY = "1,2";
				TEST_HOST = "$(BUILT_PRODUCTS_DIR)/Ev2-2992683.app/$(BUNDLE_EXECUTABLE_FOLDER_PATH)/Ev2-2992683";
			};
			name = Release;
		};
		FB500C852BBE2D3900BF7E42 /* Debug */ = {
			isa = XCBuildConfiguration;
			buildSettings = {
				ALWAYS_EMBED_SWIFT_STANDARD_LIBRARIES = YES;
				CODE_SIGN_STYLE = Automatic;
				CURRENT_PROJECT_VERSION = 1;
				GENERATE_INFOPLIST_FILE = YES;
				MARKETING_VERSION = 1.0;
				PRODUCT_BUNDLE_IDENTIFIER = "tecmilenio.Ev2-2992683UITests";
				PRODUCT_NAME = "$(TARGET_NAME)";
				SWIFT_EMIT_LOC_STRINGS = NO;
				SWIFT_VERSION = 5.0;
				TARGETED_DEVICE_FAMILY = "1,2";
				TEST_TARGET_NAME = "Ev2-2992683";
			};
			name = Debug;
		};
		FB500C862BBE2D3900BF7E42 /* Release */ = {
			isa = XCBuildConfiguration;
			buildSettings = {
				ALWAYS_EMBED_SWIFT_STANDARD_LIBRARIES = YES;
				CODE_SIGN_STYLE = Automatic;
				CURRENT_PROJECT_VERSION = 1;
				GENERATE_INFOPLIST_FILE = YES;
				MARKETING_VERSION = 1.0;
				PRODUCT_BUNDLE_IDENTIFIER = "tecmilenio.Ev2-2992683UITests";
				PRODUCT_NAME = "$(TARGET_NAME)";
				SWIFT_EMIT_LOC_STRINGS = NO;
				SWIFT_VERSION = 5.0;
				TARGETED_DEVICE_FAMILY = "1,2";
				TEST_TARGET_NAME = "Ev2-2992683";
			};
			name = Release;
		};
/* End XCBuildConfiguration section */

/* Begin XCConfigurationList section */
		FB500C4F2BBE2D3700BF7E42 /* Build configuration list for PBXProject "Ev2-2992683" */ = {
			isa = XCConfigurationList;
			buildConfigurations = (
				FB500C7C2BBE2D3900BF7E42 /* Debug */,
				FB500C7D2BBE2D3900BF7E42 /* Release */,
			);
			defaultConfigurationIsVisible = 0;
			defaultConfigurationName = Release;
		};
		FB500C7E2BBE2D3900BF7E42 /* Build configuration list for PBXNativeTarget "Ev2-2992683" */ = {
			isa = XCConfigurationList;
			buildConfigurations = (
				FB500C7F2BBE2D3900BF7E42 /* Debug */,
				FB500C802BBE2D3900BF7E42 /* Release */,
			);
			defaultConfigurationIsVisible = 0;
			defaultConfigurationName = Release;
		};
		FB500C812BBE2D3900BF7E42 /* Build configuration list for PBXNativeTarget "Ev2-2992683Tests" */ = {
			isa = XCConfigurationList;
			buildConfigurations = (
				FB500C822BBE2D3900BF7E42 /* Debug */,
				FB500C832BBE2D3900BF7E42 /* Release */,
			);
			defaultConfigurationIsVisible = 0;
			defaultConfigurationName = Release;
		};
		FB500C842BBE2D3900BF7E42 /* Build configuration list for PBXNativeTarget "Ev2-2992683UITests" */ = {
			isa = XCConfigurationList;
			buildConfigurations = (
				FB500C852BBE2D3900BF7E42 /* Debug */,
				FB500C862BBE2D3900BF7E42 /* Release */,
			);
			defaultConfigurationIsVisible = 0;
			defaultConfigurationName = Release;
		};
/* End XCConfigurationList section */
	};
	rootObject = FB500C4C2BBE2D3700BF7E42 /* Project object */;
}
